
Microsoft Visual Studio Solution File, Format Version 12.00
# Visual Studio Version 17
VisualStudioVersion = 17.7.34202.233
MinimumVisualStudioVersion = 10.0.40219.1
Project("{2150E333-8FDC-42A3-9474-1A3956D46DE8}") = "Task0", "Task0", "{0EB05055-D632-4ECD-84FC-2F5FC7F14658}"
EndProject
Project("{FAE04EC0-301F-11D3-BF4B-00C04F79EFBC}") = "Tyuiu.ShayahmetovRR.Sprint5.Task0.V7", "Tyuiu.ShayahmetovRR.Sprint5.Task0.V7\Tyuiu.ShayahmetovRR.Sprint5.Task0.V7.csproj", "{5241FF48-53BD-41ED-8F8A-0BC30F9DE3A7}"
EndProject
Project("{FAE04EC0-301F-11D3-BF4B-00C04F79EFBC}") = "Tyuiu.ShayahmetovRR.Sprint5.Task0.V7.Lib", "Tyuiu.ShayahmetovRR.Sprint5.Task0.V7.Lib\Tyuiu.ShayahmetovRR.Sprint5.Task0.V7.Lib.csproj", "{9521570B-5A73-4576-8975-127A9B86E8F9}"
EndProject
Project("{FAE04EC0-301F-11D3-BF4B-00C04F79EFBC}") = "Tyuiu.ShayahmetovRR.Sprint5.Task0.V7.Test", "Tyuiu.ShayahmetovRR.Sprint5.Task0.V7.Test\Tyuiu.ShayahmetovRR.Sprint5.Task0.V7.Test.csproj", "{4577FF9A-A46F-4BA3-8A52-26D20EF08202}"
EndProject
Project("{2150E333-8FDC-42A3-9474-1A3956D46DE8}") = "Task1", "Task1", "{5B97125B-63A1-4F38-9F61-D1F4BE4D52C7}"
EndProject
Project("{FAE04EC0-301F-11D3-BF4B-00C04F79EFBC}") = "Tyuiu.ShayahmetovRR.Sprint5.Task1.V20", "Tyuiu.ShayahmetovRR.Sprint5.Task1.V20\Tyuiu.ShayahmetovRR.Sprint5.Task1.V20.csproj", "{7850F8A9-9407-4F2A-B2CD-F495583A6CA2}"
EndProject
Project("{FAE04EC0-301F-11D3-BF4B-00C04F79EFBC}") = "Tyuiu.ShayahmetovRR.Sprint5.Task1.V20.Lib", "Tyuiu.ShayahmetovRR.Sprint5.Task1.V20.Lib\Tyuiu.ShayahmetovRR.Sprint5.Task1.V20.Lib.csproj", "{8DCDE0FA-70AF-4188-ABF4-78D662F647F0}"
EndProject
Project("{FAE04EC0-301F-11D3-BF4B-00C04F79EFBC}") = "Tyuiu.ShayahmetovRR.Sprint5.Task1.V20.Test", "Tyuiu.ShayahmetovRR.Sprint5.Task1.V20.Test\Tyuiu.ShayahmetovRR.Sprint5.Task1.V20.Test.csproj", "{086B6734-9A38-42C8-B7D6-5EB4E2E51AD8}"
EndProject
Project("{2150E333-8FDC-42A3-9474-1A3956D46DE8}") = "Task2", "Task2", "{254519A7-F38F-42A0-A41E-041B72DFAFF0}"
EndProject
Project("{FAE04EC0-301F-11D3-BF4B-00C04F79EFBC}") = "Tyuiu.ShayahmetovRR.Sprint5.Task2.V19", "Tyuiu.ShayahmetovRR.Sprint5.Task2.V19\Tyuiu.ShayahmetovRR.Sprint5.Task2.V19.csproj", "{F43BA3B9-A500-4270-A6E0-6C25244CFD0C}"
EndProject
Project("{FAE04EC0-301F-11D3-BF4B-00C04F79EFBC}") = "Tyuiu.ShayahmetovRR.Sprint5.Task2.V19.Lib", "Tyuiu.ShayahmetovRR.Sprint5.Task2.V19.Lib\Tyuiu.ShayahmetovRR.Sprint5.Task2.V19.Lib.csproj", "{35678C78-CE10-4040-91EB-D8214A6695DF}"
EndProject
Project("{FAE04EC0-301F-11D3-BF4B-00C04F79EFBC}") = "Tyuiu.ShayahmetovRR.Sprint5.Task2.V19.Test", "Tyuiu.ShayahmetovRR.Sprint5.Task2.V19.Test\Tyuiu.ShayahmetovRR.Sprint5.Task2.V19.Test.csproj", "{99081424-CB28-4568-B94C-E7D2D0AA5861}"
EndProject
Project("{2150E333-8FDC-42A3-9474-1A3956D46DE8}") = "Task3", "Task3", "{4FBE0611-1C55-4BDC-ACB1-50004BE14D8A}"
EndProject
Project("{FAE04EC0-301F-11D3-BF4B-00C04F79EFBC}") = "Tyuiu.ShayahmetovRR.Sprint5.Task3.V26", "Tyuiu.ShayahmetovRR.Sprint5.Task3.V26\Tyuiu.ShayahmetovRR.Sprint5.Task3.V26.csproj", "{B32461EC-CB93-4763-A6AA-B5C6439D2275}"
EndProject
Project("{FAE04EC0-301F-11D3-BF4B-00C04F79EFBC}") = "Tyuiu.ShayahmetovRR.Sprint5.Task3.V26.Lib", "Tyuiu.ShayahmetovRR.Sprint5.Task3.V26.Lib\Tyuiu.ShayahmetovRR.Sprint5.Task3.V26.Lib.csproj", "{CF4281D9-0E44-433A-93C7-DF12AF1EF0BB}"
EndProject
Project("{FAE04EC0-301F-11D3-BF4B-00C04F79EFBC}") = "Tyuiu.ShayahmetovRR.Sprint5.Task3.V26.Test", "Tyuiu.ShayahmetovRR.Sprint5.Task3.V26.Test\Tyuiu.ShayahmetovRR.Sprint5.Task3.V26.Test.csproj", "{45CA089E-5094-4C7C-9107-CA842989BB07}"
EndProject
Project("{2150E333-8FDC-42A3-9474-1A3956D46DE8}") = "Task4", "Task4", "{4D6ADC77-85BE-4EDD-86C3-DCDF9E6E266B}"
EndProject
Project("{FAE04EC0-301F-11D3-BF4B-00C04F79EFBC}") = "Tyuiu.ShayahmetovRR.Sprint5.Task4.V25", "Tyuiu.ShayahmetovRR.Sprint5.Task4.V25\Tyuiu.ShayahmetovRR.Sprint5.Task4.V25.csproj", "{46B74D22-4035-49F2-9739-33C0507683CC}"
EndProject
Project("{FAE04EC0-301F-11D3-BF4B-00C04F79EFBC}") = "Tyuiu.ShayahmetovRR.Sprint5.Task4.V25.Lib", "Tyuiu.ShayahmetovRR.Sprint5.Task4.V25.Lib\Tyuiu.ShayahmetovRR.Sprint5.Task4.V25.Lib.csproj", "{7C1DC1BE-53D8-4D78-8184-B814550F1F3C}"
EndProject
Project("{FAE04EC0-301F-11D3-BF4B-00C04F79EFBC}") = "Tyuiu.ShayahmetovRR.Sprint5.Task4.V25.Test", "Tyuiu.ShayahmetovRR.Sprint5.Task4.V25.Test\Tyuiu.ShayahmetovRR.Sprint5.Task4.V25.Test.csproj", "{FA2512B1-E767-49A5-BE07-D68B23E56D0D}"
EndProject
Global
	GlobalSection(SolutionConfigurationPlatforms) = preSolution
		Debug|Any CPU = Debug|Any CPU
		Release|Any CPU = Release|Any CPU
	EndGlobalSection
	GlobalSection(ProjectConfigurationPlatforms) = postSolution
		{5241FF48-53BD-41ED-8F8A-0BC30F9DE3A7}.Debug|Any CPU.ActiveCfg = Debug|Any CPU
		{5241FF48-53BD-41ED-8F8A-0BC30F9DE3A7}.Debug|Any CPU.Build.0 = Debug|Any CPU
		{5241FF48-53BD-41ED-8F8A-0BC30F9DE3A7}.Release|Any CPU.ActiveCfg = Release|Any CPU
		{5241FF48-53BD-41ED-8F8A-0BC30F9DE3A7}.Release|Any CPU.Build.0 = Release|Any CPU
		{9521570B-5A73-4576-8975-127A9B86E8F9}.Debug|Any CPU.ActiveCfg = Debug|Any CPU
		{9521570B-5A73-4576-8975-127A9B86E8F9}.Debug|Any CPU.Build.0 = Debug|Any CPU
		{9521570B-5A73-4576-8975-127A9B86E8F9}.Release|Any CPU.ActiveCfg = Release|Any CPU
		{9521570B-5A73-4576-8975-127A9B86E8F9}.Release|Any CPU.Build.0 = Release|Any CPU
		{4577FF9A-A46F-4BA3-8A52-26D20EF08202}.Debug|Any CPU.ActiveCfg = Debug|Any CPU
		{4577FF9A-A46F-4BA3-8A52-26D20EF08202}.Debug|Any CPU.Build.0 = Debug|Any CPU
		{4577FF9A-A46F-4BA3-8A52-26D20EF08202}.Release|Any CPU.ActiveCfg = Release|Any CPU
		{4577FF9A-A46F-4BA3-8A52-26D20EF08202}.Release|Any CPU.Build.0 = Release|Any CPU
		{7850F8A9-9407-4F2A-B2CD-F495583A6CA2}.Debug|Any CPU.ActiveCfg = Debug|Any CPU
		{7850F8A9-9407-4F2A-B2CD-F495583A6CA2}.Debug|Any CPU.Build.0 = Debug|Any CPU
		{7850F8A9-9407-4F2A-B2CD-F495583A6CA2}.Release|Any CPU.ActiveCfg = Release|Any CPU
		{7850F8A9-9407-4F2A-B2CD-F495583A6CA2}.Release|Any CPU.Build.0 = Release|Any CPU
		{8DCDE0FA-70AF-4188-ABF4-78D662F647F0}.Debug|Any CPU.ActiveCfg = Debug|Any CPU
		{8DCDE0FA-70AF-4188-ABF4-78D662F647F0}.Debug|Any CPU.Build.0 = Debug|Any CPU
		{8DCDE0FA-70AF-4188-ABF4-78D662F647F0}.Release|Any CPU.ActiveCfg = Release|Any CPU
		{8DCDE0FA-70AF-4188-ABF4-78D662F647F0}.Release|Any CPU.Build.0 = Release|Any CPU
		{086B6734-9A38-42C8-B7D6-5EB4E2E51AD8}.Debug|Any CPU.ActiveCfg = Debug|Any CPU
		{086B6734-9A38-42C8-B7D6-5EB4E2E51AD8}.Debug|Any CPU.Build.0 = Debug|Any CPU
		{086B6734-9A38-42C8-B7D6-5EB4E2E51AD8}.Release|Any CPU.ActiveCfg = Release|Any CPU
		{086B6734-9A38-42C8-B7D6-5EB4E2E51AD8}.Release|Any CPU.Build.0 = Release|Any CPU
		{F43BA3B9-A500-4270-A6E0-6C25244CFD0C}.Debug|Any CPU.ActiveCfg = Debug|Any CPU
		{F43BA3B9-A500-4270-A6E0-6C25244CFD0C}.Debug|Any CPU.Build.0 = Debug|Any CPU
		{F43BA3B9-A500-4270-A6E0-6C25244CFD0C}.Release|Any CPU.ActiveCfg = Release|Any CPU
		{F43BA3B9-A500-4270-A6E0-6C25244CFD0C}.Release|Any CPU.Build.0 = Release|Any CPU
		{35678C78-CE10-4040-91EB-D8214A6695DF}.Debug|Any CPU.ActiveCfg = Debug|Any CPU
		{35678C78-CE10-4040-91EB-D8214A6695DF}.Debug|Any CPU.Build.0 = Debug|Any CPU
		{35678C78-CE10-4040-91EB-D8214A6695DF}.Release|Any CPU.ActiveCfg = Release|Any CPU
		{35678C78-CE10-4040-91EB-D8214A6695DF}.Release|Any CPU.Build.0 = Release|Any CPU
		{99081424-CB28-4568-B94C-E7D2D0AA5861}.Debug|Any CPU.ActiveCfg = Debug|Any CPU
		{99081424-CB28-4568-B94C-E7D2D0AA5861}.Debug|Any CPU.Build.0 = Debug|Any CPU
		{99081424-CB28-4568-B94C-E7D2D0AA5861}.Release|Any CPU.ActiveCfg = Release|Any CPU
		{99081424-CB28-4568-B94C-E7D2D0AA5861}.Release|Any CPU.Build.0 = Release|Any CPU
		{B32461EC-CB93-4763-A6AA-B5C6439D2275}.Debug|Any CPU.ActiveCfg = Debug|Any CPU
		{B32461EC-CB93-4763-A6AA-B5C6439D2275}.Debug|Any CPU.Build.0 = Debug|Any CPU
		{B32461EC-CB93-4763-A6AA-B5C6439D2275}.Release|Any CPU.ActiveCfg = Release|Any CPU
		{B32461EC-CB93-4763-A6AA-B5C6439D2275}.Release|Any CPU.Build.0 = Release|Any CPU
		{CF4281D9-0E44-433A-93C7-DF12AF1EF0BB}.Debug|Any CPU.ActiveCfg = Debug|Any CPU
		{CF4281D9-0E44-433A-93C7-DF12AF1EF0BB}.Debug|Any CPU.Build.0 = Debug|Any CPU
		{CF4281D9-0E44-433A-93C7-DF12AF1EF0BB}.Release|Any CPU.ActiveCfg = Release|Any CPU
		{CF4281D9-0E44-433A-93C7-DF12AF1EF0BB}.Release|Any CPU.Build.0 = Release|Any CPU
		{45CA089E-5094-4C7C-9107-CA842989BB07}.Debug|Any CPU.ActiveCfg = Debug|Any CPU
		{45CA089E-5094-4C7C-9107-CA842989BB07}.Debug|Any CPU.Build.0 = Debug|Any CPU
		{45CA089E-5094-4C7C-9107-CA842989BB07}.Release|Any CPU.ActiveCfg = Release|Any CPU
		{45CA089E-5094-4C7C-9107-CA842989BB07}.Release|Any CPU.Build.0 = Release|Any CPU
		{46B74D22-4035-49F2-9739-33C0507683CC}.Debug|Any CPU.ActiveCfg = Debug|Any CPU
		{46B74D22-4035-49F2-9739-33C0507683CC}.Debug|Any CPU.Build.0 = Debug|Any CPU
		{46B74D22-4035-49F2-9739-33C0507683CC}.Release|Any CPU.ActiveCfg = Release|Any CPU
		{46B74D22-4035-49F2-9739-33C0507683CC}.Release|Any CPU.Build.0 = Release|Any CPU
		{7C1DC1BE-53D8-4D78-8184-B814550F1F3C}.Debug|Any CPU.ActiveCfg = Debug|Any CPU
		{7C1DC1BE-53D8-4D78-8184-B814550F1F3C}.Debug|Any CPU.Build.0 = Debug|Any CPU
		{7C1DC1BE-53D8-4D78-8184-B814550F1F3C}.Release|Any CPU.ActiveCfg = Release|Any CPU
		{7C1DC1BE-53D8-4D78-8184-B814550F1F3C}.Release|Any CPU.Build.0 = Release|Any CPU
		{FA2512B1-E767-49A5-BE07-D68B23E56D0D}.Debug|Any CPU.ActiveCfg = Debug|Any CPU
		{FA2512B1-E767-49A5-BE07-D68B23E56D0D}.Debug|Any CPU.Build.0 = Debug|Any CPU
		{FA2512B1-E767-49A5-BE07-D68B23E56D0D}.Release|Any CPU.ActiveCfg = Release|Any CPU
		{FA2512B1-E767-49A5-BE07-D68B23E56D0D}.Release|Any CPU.Build.0 = Release|Any CPU
	EndGlobalSection
	GlobalSection(SolutionProperties) = preSolution
		HideSolutionNode = FALSE
	EndGlobalSection
	GlobalSection(NestedProjects) = preSolution
		{5241FF48-53BD-41ED-8F8A-0BC30F9DE3A7} = {0EB05055-D632-4ECD-84FC-2F5FC7F14658}
		{9521570B-5A73-4576-8975-127A9B86E8F9} = {0EB05055-D632-4ECD-84FC-2F5FC7F14658}
		{4577FF9A-A46F-4BA3-8A52-26D20EF08202} = {0EB05055-D632-4ECD-84FC-2F5FC7F14658}
		{7850F8A9-9407-4F2A-B2CD-F495583A6CA2} = {5B97125B-63A1-4F38-9F61-D1F4BE4D52C7}
		{8DCDE0FA-70AF-4188-ABF4-78D662F647F0} = {5B97125B-63A1-4F38-9F61-D1F4BE4D52C7}
		{086B6734-9A38-42C8-B7D6-5EB4E2E51AD8} = {5B97125B-63A1-4F38-9F61-D1F4BE4D52C7}
		{F43BA3B9-A500-4270-A6E0-6C25244CFD0C} = {254519A7-F38F-42A0-A41E-041B72DFAFF0}
		{35678C78-CE10-4040-91EB-D8214A6695DF} = {254519A7-F38F-42A0-A41E-041B72DFAFF0}
		{99081424-CB28-4568-B94C-E7D2D0AA5861} = {254519A7-F38F-42A0-A41E-041B72DFAFF0}
		{B32461EC-CB93-4763-A6AA-B5C6439D2275} = {4FBE0611-1C55-4BDC-ACB1-50004BE14D8A}
		{CF4281D9-0E44-433A-93C7-DF12AF1EF0BB} = {4FBE0611-1C55-4BDC-ACB1-50004BE14D8A}
		{45CA089E-5094-4C7C-9107-CA842989BB07} = {4FBE0611-1C55-4BDC-ACB1-50004BE14D8A}
		{46B74D22-4035-49F2-9739-33C0507683CC} = {4D6ADC77-85BE-4EDD-86C3-DCDF9E6E266B}
		{7C1DC1BE-53D8-4D78-8184-B814550F1F3C} = {4D6ADC77-85BE-4EDD-86C3-DCDF9E6E266B}
		{FA2512B1-E767-49A5-BE07-D68B23E56D0D} = {4D6ADC77-85BE-4EDD-86C3-DCDF9E6E266B}
	EndGlobalSection
	GlobalSection(ExtensibilityGlobals) = postSolution
		SolutionGuid = {7817B5C1-3D29-4C6A-8B65-E18C8ABEF51E}
	EndGlobalSection
EndGlobal
